
Microsoft Visual Studio Solution File, Format Version 12.00
# Visual Studio Version 17
VisualStudioVersion = 17.4.33213.308
MinimumVisualStudioVersion = 10.0.40219.1
Project("{FAE04EC0-301F-11D3-BF4B-00C04F79EFBC}") = "MVC-Hamburger", "MVC-Hamburger\MVC-Hamburger.csproj", "{3836D7A8-178E-4FEE-ABCB-A30683EB117E}"
EndProject
Global
	GlobalSection(SolutionConfigurationPlatforms) = preSolution
		Debug|Any CPU = Debug|Any CPU
		Release|Any CPU = Release|Any CPU
	EndGlobalSection
	GlobalSection(ProjectConfigurationPlatforms) = postSolution
		{3836D7A8-178E-4FEE-ABCB-A30683EB117E}.Debug|Any CPU.ActiveCfg = Debug|Any CPU
		{3836D7A8-178E-4FEE-ABCB-A30683EB117E}.Debug|Any CPU.Build.0 = Debug|Any CPU
		{3836D7A8-178E-4FEE-ABCB-A30683EB117E}.Release|Any CPU.ActiveCfg = Release|Any CPU
		{3836D7A8-178E-4FEE-ABCB-A30683EB117E}.Release|Any CPU.Build.0 = Release|Any CPU
	EndGlobalSection
	GlobalSection(SolutionProperties) = preSolution
		HideSolutionNode = FALSE
	EndGlobalSection
	GlobalSection(ExtensibilityGlobals) = postSolution
		SolutionGuid = {A5B32271-DFC5-4AE1-813A-F11825E0B0E5}
	EndGlobalSection
EndGlobal
